
Microsoft Visual Studio Solution File, Format Version 12.00
# Visual Studio 15
VisualStudioVersion = 15.0.28307.168
MinimumVisualStudioVersion = 10.0.40219.1
Project("{FAE04EC0-301F-11D3-BF4B-00C04F79EFBC}") = "Website", "Website\Website.csproj", "{5666DE3C-FE49-4CA8-9DED-41CEC2242068}"
EndProject
Global
	GlobalSection(SolutionConfigurationPlatforms) = preSolution
		Debug|Any CPU = Debug|Any CPU
		Release|Any CPU = Release|Any CPU
	EndGlobalSection
	GlobalSection(ProjectConfigurationPlatforms) = postSolution
		{5666DE3C-FE49-4CA8-9DED-41CEC2242068}.Debug|Any CPU.ActiveCfg = Debug|Any CPU
		{5666DE3C-FE49-4CA8-9DED-41CEC2242068}.Debug|Any CPU.Build.0 = Debug|Any CPU
		{5666DE3C-FE49-4CA8-9DED-41CEC2242068}.Release|Any CPU.ActiveCfg = Release|Any CPU
		{5666DE3C-FE49-4CA8-9DED-41CEC2242068}.Release|Any CPU.Build.0 = Release|Any CPU
	EndGlobalSection
	GlobalSection(SolutionProperties) = preSolution
		HideSolutionNode = FALSE
	EndGlobalSection
	GlobalSection(ExtensibilityGlobals) = postSolution
		SolutionGuid = {43F2BD34-6E31-47A1-B2C3-5E2E129EBE05}
	EndGlobalSection
EndGlobal
